
Microsoft Visual Studio Solution File, Format Version 12.00
# Visual Studio Version 17
VisualStudioVersion = 17.14.36119.2 d17.14
MinimumVisualStudioVersion = 10.0.40219.1
Project("{FAE04EC0-301F-11D3-BF4B-00C04F79EFBC}") = "AppAgenda", "AppAgenda\AppAgenda.csproj", "{B25A0CA3-8E9D-498F-9B10-301C49A41B16}"
EndProject
Global
	GlobalSection(SolutionConfigurationPlatforms) = preSolution
		Debug|Any CPU = Debug|Any CPU
		Release|Any CPU = Release|Any CPU
	EndGlobalSection
	GlobalSection(ProjectConfigurationPlatforms) = postSolution
		{B25A0CA3-8E9D-498F-9B10-301C49A41B16}.Debug|Any CPU.ActiveCfg = Debug|Any CPU
		{B25A0CA3-8E9D-498F-9B10-301C49A41B16}.Debug|Any CPU.Build.0 = Debug|Any CPU
		{B25A0CA3-8E9D-498F-9B10-301C49A41B16}.Debug|Any CPU.Deploy.0 = Debug|Any CPU
		{B25A0CA3-8E9D-498F-9B10-301C49A41B16}.Release|Any CPU.ActiveCfg = Release|Any CPU
		{B25A0CA3-8E9D-498F-9B10-301C49A41B16}.Release|Any CPU.Build.0 = Release|Any CPU
		{B25A0CA3-8E9D-498F-9B10-301C49A41B16}.Release|Any CPU.Deploy.0 = Release|Any CPU
	EndGlobalSection
	GlobalSection(SolutionProperties) = preSolution
		HideSolutionNode = FALSE
	EndGlobalSection
	GlobalSection(ExtensibilityGlobals) = postSolution
		SolutionGuid = {3A90B45E-7AD9-41A3-AED6-8EBAB8D1462C}
	EndGlobalSection
EndGlobal
